// !$*UTF8*$!
{
	archiveVersion = 1;
	classes = {};
	objectVersion = 60;
	objects = {
/* Begin PBXBuildFile section */
		BF120615E97CA43A0B1544F1 /* AppContainer.swift in Sources */ = {isa = PBXBuildFile; fileRef = 10275177DD3F3BE4ABC4C75C /* AppContainer.swift */; };
		50C38BB39F5B2656B218B0AC /* PermissionsWizard.swift in Sources */ = {isa = PBXBuildFile; fileRef = BF1A214AC7B74F854395D0FE /* PermissionsWizard.swift */; };
		E6E96C57228AA274B417B2F6 /* PushRegistrar.swift in Sources */ = {isa = PBXBuildFile; fileRef = 68B2438C5B4CAB52A9C8B75E /* PushRegistrar.swift */; };
		91886F29A7E46C17A3B4541F /* RootView.swift in Sources */ = {isa = PBXBuildFile; fileRef = 98AB0888C680DB7C9EBB38D0 /* RootView.swift */; };
		F86CD4156E0008DC8DA06CAC /* SettingsStore.swift in Sources */ = {isa = PBXBuildFile; fileRef = BD0FDD72DFB21AF7D22BCC1E /* SettingsStore.swift */; };
		A957026EF5DF83CCB4169BD0 /* UsTowDispatchDriverApp.swift in Sources */ = {isa = PBXBuildFile; fileRef = 1C3E3EE3FDC0584BD92D0FAD /* UsTowDispatchDriverApp.swift */; };
		FA861207C00082E046BA863D /* LockedScreen.swift in Sources */ = {isa = PBXBuildFile; fileRef = 7956A8E15F2EB38211BCA6A6 /* LockedScreen.swift */; };
		B22A07F0FB7B77A4FF189479 /* LoginView.swift in Sources */ = {isa = PBXBuildFile; fileRef = 38957DEAE76AB5DEC071C481 /* LoginView.swift */; };
		4AE2F374607AC8B5462B8BB4 /* PINEntryScreen.swift in Sources */ = {isa = PBXBuildFile; fileRef = F124A8E856E0234A3EA2D8A1 /* PINEntryScreen.swift */; };
		C2F4650201657E817761528E /* SetPINScreen.swift in Sources */ = {isa = PBXBuildFile; fileRef = 570D41AE54E14C48B823AF17 /* SetPINScreen.swift */; };
		51258D1BC8ACE0AD9915C4F2 /* BriefingScreen.swift in Sources */ = {isa = PBXBuildFile; fileRef = AABC105621E9EA9A6D632D90 /* BriefingScreen.swift */; };
		4E597111654D3918D403A582 /* BriefingViewModel.swift in Sources */ = {isa = PBXBuildFile; fileRef = 9A53CA984822D85271F6D5F0 /* BriefingViewModel.swift */; };
		80B307458DDA561DBD31A84E /* ChatScreen.swift in Sources */ = {isa = PBXBuildFile; fileRef = 880348B9F2FF70C1981C6382 /* ChatScreen.swift */; };
		BA9CA997C332904380C4670F /* DVIRScreen.swift in Sources */ = {isa = PBXBuildFile; fileRef = 5EF40BF74BE5CEE2E7033C3D /* DVIRScreen.swift */; };
		D11D75F34E42E2C17B6ECA30 /* DocumentVaultScreen.swift in Sources */ = {isa = PBXBuildFile; fileRef = 16F5C42EF5AB3D66661BC24E /* DocumentVaultScreen.swift */; };
		0A045F4F8A063BE2A8C118C3 /* EarningsScreen.swift in Sources */ = {isa = PBXBuildFile; fileRef = 6F1CA480C74134D74FDC84AB /* EarningsScreen.swift */; };
		1C83289A622090D33F305CDF /* JobDetailScreen.swift in Sources */ = {isa = PBXBuildFile; fileRef = 366FEDA8B5E023CDD02FB139 /* JobDetailScreen.swift */; };
		DC9F82D9AA5F80F113912DFE /* JobListScreen.swift in Sources */ = {isa = PBXBuildFile; fileRef = BAD1A17DC2812F7ACE3E8140 /* JobListScreen.swift */; };
		26C84F30C599ED6A9DFA3E40 /* NavigationHandoff.swift in Sources */ = {isa = PBXBuildFile; fileRef = E6ED933016C8ACD583EEBD33 /* NavigationHandoff.swift */; };
		CBAC60AC5511FD7B81ED9E01 /* OfflineScreen.swift in Sources */ = {isa = PBXBuildFile; fileRef = 43C2F5B20067C7FD5EC46C66 /* OfflineScreen.swift */; };
		63DFD68CD200372DCA26CC2E /* LiveFieldPaymentService.swift in Sources */ = {isa = PBXBuildFile; fileRef = C6713C4D24DBD065EBECC1DD /* LiveFieldPaymentService.swift */; };
		1447AB65D6472909EE1F5B82 /* PaymentsService.swift in Sources */ = {isa = PBXBuildFile; fileRef = FA2F72B7FDAF52277FA55C1E /* PaymentsService.swift */; };
		BAD399F457813C005D7766F3 /* CameraCaptureView.swift in Sources */ = {isa = PBXBuildFile; fileRef = 58AA0F2E0F1D7FF1A58280AC /* CameraCaptureView.swift */; };
		A682249A6E282E336FC7CD4D /* PhotoCaptureScreen.swift in Sources */ = {isa = PBXBuildFile; fileRef = 04D8C098A2788651D79413AA /* PhotoCaptureScreen.swift */; };
		743488E590B910401D685BB0 /* PretripScreen.swift in Sources */ = {isa = PBXBuildFile; fileRef = 7D2DB338BB67356B0FF80B31 /* PretripScreen.swift */; };
		86038C06B8C2330AABF47A23 /* PretripViewModel.swift in Sources */ = {isa = PBXBuildFile; fileRef = 332730D5CFB8AC9D740090E1 /* PretripViewModel.swift */; };
		75841AB2E6311B70ACE5CEAC /* ProfileScreen.swift in Sources */ = {isa = PBXBuildFile; fileRef = 515957BBBF03ADDFE9728BC9 /* ProfileScreen.swift */; };
		878DC16C89F31160E37E65A0 /* PanicButton.swift in Sources */ = {isa = PBXBuildFile; fileRef = 2F10FC48AE61065B3B275D7D /* PanicButton.swift */; };
		4127F75E5711CF0D6AF2D724 /* SettingsScreen.swift in Sources */ = {isa = PBXBuildFile; fileRef = 2F13E005CC8FD7FBC19C43D8 /* SettingsScreen.swift */; };
		4EA27638CF29331F8437E3B6 /* SignatureScreen.swift in Sources */ = {isa = PBXBuildFile; fileRef = 265899F8A54FAED872E4EB43 /* SignatureScreen.swift */; };
		01B18AA478CFCCE6E307B66E /* TimeClockScreen.swift in Sources */ = {isa = PBXBuildFile; fileRef = 4EA54E725E03D3E4C37EF585 /* TimeClockScreen.swift */; };
		995CA5F9803A27E6EBE2AB73 /* VINScanner.swift in Sources */ = {isa = PBXBuildFile; fileRef = 946EEB76567E8FB029DA215D /* VINScanner.swift */; };
		78D8C2F09A334BF81AFD977A /* AppContainerSmokeTests.swift in Sources */ = {isa = PBXBuildFile; fileRef = 0EE2875386CCE242184FE2D8 /* AppContainerSmokeTests.swift */; };
		75595ECFF2FC9CE103CABA68 /* VINValidatorTests.swift in Sources */ = {isa = PBXBuildFile; fileRef = 8DF88BF04A492607DEE6EF8A /* VINValidatorTests.swift */; };
		088BF3073796A5506D5CF4DC /* BriefingGateUITests.swift in Sources */ = {isa = PBXBuildFile; fileRef = 319C2A08123FF887A83462D0 /* BriefingGateUITests.swift */; };
		4355B6F4F47F4849CE60CD13 /* PINFlowUITests.swift in Sources */ = {isa = PBXBuildFile; fileRef = 7EC5CF3D328A3ED1051DF5EE /* PINFlowUITests.swift */; };
		D3985DB13BD17D31AAF12BFE /* StatusFlowUITests.swift in Sources */ = {isa = PBXBuildFile; fileRef = E6CB436D9EAD4665884C5CB1 /* StatusFlowUITests.swift */; };
		2DD9DC7618C3EBAF9F8D987D /* Localizable.strings in Resources */ = {isa = PBXBuildFile; fileRef = 8F860F726BCEED75D7D3791E /* Localizable.strings */; };
		A94482B8CE44EF2FDB82D970 /* Core in Frameworks */ = {isa = PBXBuildFile; productRef = 0CB4985433B35CF382759002 /* Core */; };
		B01B085214C6550E36ACDF49 /* DesignSystem in Frameworks */ = {isa = PBXBuildFile; productRef = 506C644C1D1DA0B7DD9DA1F3 /* DesignSystem */; };
/* End PBXBuildFile section */

/* Begin PBXFileReference section */
		10275177DD3F3BE4ABC4C75C /* AppContainer.swift */ = {isa = PBXFileReference; lastKnownFileType = sourcecode.swift; path = "TowCommandDriver/App/AppContainer.swift"; sourceTree = "<group>"; };
		BF1A214AC7B74F854395D0FE /* PermissionsWizard.swift */ = {isa = PBXFileReference; lastKnownFileType = sourcecode.swift; path = "TowCommandDriver/App/PermissionsWizard.swift"; sourceTree = "<group>"; };
		68B2438C5B4CAB52A9C8B75E /* PushRegistrar.swift */ = {isa = PBXFileReference; lastKnownFileType = sourcecode.swift; path = "TowCommandDriver/App/PushRegistrar.swift"; sourceTree = "<group>"; };
		98AB0888C680DB7C9EBB38D0 /* RootView.swift */ = {isa = PBXFileReference; lastKnownFileType = sourcecode.swift; path = "TowCommandDriver/App/RootView.swift"; sourceTree = "<group>"; };
		BD0FDD72DFB21AF7D22BCC1E /* SettingsStore.swift */ = {isa = PBXFileReference; lastKnownFileType = sourcecode.swift; path = "TowCommandDriver/App/SettingsStore.swift"; sourceTree = "<group>"; };
		1C3E3EE3FDC0584BD92D0FAD /* UsTowDispatchDriverApp.swift */ = {isa = PBXFileReference; lastKnownFileType = sourcecode.swift; path = "TowCommandDriver/App/UsTowDispatchDriverApp.swift"; sourceTree = "<group>"; };
		7956A8E15F2EB38211BCA6A6 /* LockedScreen.swift */ = {isa = PBXFileReference; lastKnownFileType = sourcecode.swift; path = "TowCommandDriver/Features/Auth/LockedScreen.swift"; sourceTree = "<group>"; };
		38957DEAE76AB5DEC071C481 /* LoginView.swift */ = {isa = PBXFileReference; lastKnownFileType = sourcecode.swift; path = "TowCommandDriver/Features/Auth/LoginView.swift"; sourceTree = "<group>"; };
		F124A8E856E0234A3EA2D8A1 /* PINEntryScreen.swift */ = {isa = PBXFileReference; lastKnownFileType = sourcecode.swift; path = "TowCommandDriver/Features/Auth/PINEntryScreen.swift"; sourceTree = "<group>"; };
		570D41AE54E14C48B823AF17 /* SetPINScreen.swift */ = {isa = PBXFileReference; lastKnownFileType = sourcecode.swift; path = "TowCommandDriver/Features/Auth/SetPINScreen.swift"; sourceTree = "<group>"; };
		AABC105621E9EA9A6D632D90 /* BriefingScreen.swift */ = {isa = PBXFileReference; lastKnownFileType = sourcecode.swift; path = "TowCommandDriver/Features/Briefing/BriefingScreen.swift"; sourceTree = "<group>"; };
		9A53CA984822D85271F6D5F0 /* BriefingViewModel.swift */ = {isa = PBXFileReference; lastKnownFileType = sourcecode.swift; path = "TowCommandDriver/Features/Briefing/BriefingViewModel.swift"; sourceTree = "<group>"; };
		880348B9F2FF70C1981C6382 /* ChatScreen.swift */ = {isa = PBXFileReference; lastKnownFileType = sourcecode.swift; path = "TowCommandDriver/Features/Chat/ChatScreen.swift"; sourceTree = "<group>"; };
		5EF40BF74BE5CEE2E7033C3D /* DVIRScreen.swift */ = {isa = PBXFileReference; lastKnownFileType = sourcecode.swift; path = "TowCommandDriver/Features/DVIR/DVIRScreen.swift"; sourceTree = "<group>"; };
		16F5C42EF5AB3D66661BC24E /* DocumentVaultScreen.swift */ = {isa = PBXFileReference; lastKnownFileType = sourcecode.swift; path = "TowCommandDriver/Features/DocumentVault/DocumentVaultScreen.swift"; sourceTree = "<group>"; };
		6F1CA480C74134D74FDC84AB /* EarningsScreen.swift */ = {isa = PBXFileReference; lastKnownFileType = sourcecode.swift; path = "TowCommandDriver/Features/Earnings/EarningsScreen.swift"; sourceTree = "<group>"; };
		366FEDA8B5E023CDD02FB139 /* JobDetailScreen.swift */ = {isa = PBXFileReference; lastKnownFileType = sourcecode.swift; path = "TowCommandDriver/Features/Jobs/JobDetailScreen.swift"; sourceTree = "<group>"; };
		BAD1A17DC2812F7ACE3E8140 /* JobListScreen.swift */ = {isa = PBXFileReference; lastKnownFileType = sourcecode.swift; path = "TowCommandDriver/Features/Jobs/JobListScreen.swift"; sourceTree = "<group>"; };
		E6ED933016C8ACD583EEBD33 /* NavigationHandoff.swift */ = {isa = PBXFileReference; lastKnownFileType = sourcecode.swift; path = "TowCommandDriver/Features/Navigation/NavigationHandoff.swift"; sourceTree = "<group>"; };
		43C2F5B20067C7FD5EC46C66 /* OfflineScreen.swift */ = {isa = PBXFileReference; lastKnownFileType = sourcecode.swift; path = "TowCommandDriver/Features/Offline/OfflineScreen.swift"; sourceTree = "<group>"; };
		C6713C4D24DBD065EBECC1DD /* LiveFieldPaymentService.swift */ = {isa = PBXFileReference; lastKnownFileType = sourcecode.swift; path = "TowCommandDriver/Features/Payments/LiveFieldPaymentService.swift"; sourceTree = "<group>"; };
		FA2F72B7FDAF52277FA55C1E /* PaymentsService.swift */ = {isa = PBXFileReference; lastKnownFileType = sourcecode.swift; path = "TowCommandDriver/Features/Payments/PaymentsService.swift"; sourceTree = "<group>"; };
		58AA0F2E0F1D7FF1A58280AC /* CameraCaptureView.swift */ = {isa = PBXFileReference; lastKnownFileType = sourcecode.swift; path = "TowCommandDriver/Features/Photos/CameraCaptureView.swift"; sourceTree = "<group>"; };
		04D8C098A2788651D79413AA /* PhotoCaptureScreen.swift */ = {isa = PBXFileReference; lastKnownFileType = sourcecode.swift; path = "TowCommandDriver/Features/Photos/PhotoCaptureScreen.swift"; sourceTree = "<group>"; };
		7D2DB338BB67356B0FF80B31 /* PretripScreen.swift */ = {isa = PBXFileReference; lastKnownFileType = sourcecode.swift; path = "TowCommandDriver/Features/Pretrip/PretripScreen.swift"; sourceTree = "<group>"; };
		332730D5CFB8AC9D740090E1 /* PretripViewModel.swift */ = {isa = PBXFileReference; lastKnownFileType = sourcecode.swift; path = "TowCommandDriver/Features/Pretrip/PretripViewModel.swift"; sourceTree = "<group>"; };
		515957BBBF03ADDFE9728BC9 /* ProfileScreen.swift */ = {isa = PBXFileReference; lastKnownFileType = sourcecode.swift; path = "TowCommandDriver/Features/Profile/ProfileScreen.swift"; sourceTree = "<group>"; };
		2F10FC48AE61065B3B275D7D /* PanicButton.swift */ = {isa = PBXFileReference; lastKnownFileType = sourcecode.swift; path = "TowCommandDriver/Features/Safety/PanicButton.swift"; sourceTree = "<group>"; };
		2F13E005CC8FD7FBC19C43D8 /* SettingsScreen.swift */ = {isa = PBXFileReference; lastKnownFileType = sourcecode.swift; path = "TowCommandDriver/Features/Settings/SettingsScreen.swift"; sourceTree = "<group>"; };
		265899F8A54FAED872E4EB43 /* SignatureScreen.swift */ = {isa = PBXFileReference; lastKnownFileType = sourcecode.swift; path = "TowCommandDriver/Features/Signature/SignatureScreen.swift"; sourceTree = "<group>"; };
		4EA54E725E03D3E4C37EF585 /* TimeClockScreen.swift */ = {isa = PBXFileReference; lastKnownFileType = sourcecode.swift; path = "TowCommandDriver/Features/TimeClock/TimeClockScreen.swift"; sourceTree = "<group>"; };
		946EEB76567E8FB029DA215D /* VINScanner.swift */ = {isa = PBXFileReference; lastKnownFileType = sourcecode.swift; path = "TowCommandDriver/Features/VIN/VINScanner.swift"; sourceTree = "<group>"; };
		0EE2875386CCE242184FE2D8 /* AppContainerSmokeTests.swift */ = {isa = PBXFileReference; lastKnownFileType = sourcecode.swift; path = "TowCommandDriverTests/AppContainerSmokeTests.swift"; sourceTree = "<group>"; };
		8DF88BF04A492607DEE6EF8A /* VINValidatorTests.swift */ = {isa = PBXFileReference; lastKnownFileType = sourcecode.swift; path = "TowCommandDriverTests/VINValidatorTests.swift"; sourceTree = "<group>"; };
		319C2A08123FF887A83462D0 /* BriefingGateUITests.swift */ = {isa = PBXFileReference; lastKnownFileType = sourcecode.swift; path = "TowCommandDriverUITests/BriefingGateUITests.swift"; sourceTree = "<group>"; };
		7EC5CF3D328A3ED1051DF5EE /* PINFlowUITests.swift */ = {isa = PBXFileReference; lastKnownFileType = sourcecode.swift; path = "TowCommandDriverUITests/PINFlowUITests.swift"; sourceTree = "<group>"; };
		E6CB436D9EAD4665884C5CB1 /* StatusFlowUITests.swift */ = {isa = PBXFileReference; lastKnownFileType = sourcecode.swift; path = "TowCommandDriverUITests/StatusFlowUITests.swift"; sourceTree = "<group>"; };
		EF61687EE07F521749F45DFA /* Info.plist */ = {isa = PBXFileReference; lastKnownFileType = text.plist.xml; path = "TowCommandDriver/Resources/Info.plist"; sourceTree = "<group>"; };
		EEB8D2129CF6E076F7455CB0 /* TowCommandDriver.entitlements */ = {isa = PBXFileReference; lastKnownFileType = text.plist.entitlements; path = "TowCommandDriver/Resources/TowCommandDriver.entitlements"; sourceTree = "<group>"; };
		F830B064E833FD426237B0FB /* en */ = {isa = PBXFileReference; lastKnownFileType = text.plist.strings; name = en; path = "TowCommandDriver/Resources/Localizable.strings"; sourceTree = "<group>"; };
		465F446ECCB21E1F1E79497C /* es */ = {isa = PBXFileReference; lastKnownFileType = text.plist.strings; name = es; path = "TowCommandDriver/Resources/es.lproj/Localizable.strings"; sourceTree = "<group>"; };
		4E783A9E10D2A8ABA38CD11C /* TowCommandDriver.app */ = {isa = PBXFileReference; explicitFileType = wrapper.application; includeInIndex = 0; path = TowCommandDriver.app; sourceTree = BUILT_PRODUCTS_DIR; };
		6C7CCDEB3609F1FAA874E941 /* TowCommandDriverTests.xctest */ = {isa = PBXFileReference; explicitFileType = wrapper.cfbundle; includeInIndex = 0; path = TowCommandDriverTests.xctest; sourceTree = BUILT_PRODUCTS_DIR; };
		2E635C1267B14E15F71F5D1A /* TowCommandDriverUITests.xctest */ = {isa = PBXFileReference; explicitFileType = wrapper.cfbundle; includeInIndex = 0; path = TowCommandDriverUITests.xctest; sourceTree = BUILT_PRODUCTS_DIR; };
/* End PBXFileReference section */

/* Begin PBXVariantGroup section */
		8F860F726BCEED75D7D3791E /* Localizable.strings */ = {
			isa = PBXVariantGroup;
			children = (
				F830B064E833FD426237B0FB /* en */,
				465F446ECCB21E1F1E79497C /* es */,
			);
			name = Localizable.strings;
			sourceTree = "<group>";
		};
/* End PBXVariantGroup section */

/* Begin PBXGroup section */
		870B3294C0CBD48AF6BBCC1B /* TowCommandDriver */ = {
			isa = PBXGroup;
			children = (
				3C3B0F03DC089F93B8457928 /* TowCommandDriver */,
				E717C295FF9827DFF805D88B /* TowCommandDriverTests */,
				DD3429FC8319BB3A23E9614F /* TowCommandDriverUITests */,
				615B463D1028E4E24B674CF7 /* Products */,
			);
			name = TowCommandDriver;
			sourceTree = "<group>";
		};
		3C3B0F03DC089F93B8457928 /* TowCommandDriver */ = {
			isa = PBXGroup;
			children = (
				10275177DD3F3BE4ABC4C75C /* AppContainer.swift */,
				BF1A214AC7B74F854395D0FE /* PermissionsWizard.swift */,
				68B2438C5B4CAB52A9C8B75E /* PushRegistrar.swift */,
				98AB0888C680DB7C9EBB38D0 /* RootView.swift */,
				BD0FDD72DFB21AF7D22BCC1E /* SettingsStore.swift */,
				1C3E3EE3FDC0584BD92D0FAD /* UsTowDispatchDriverApp.swift */,
				7956A8E15F2EB38211BCA6A6 /* LockedScreen.swift */,
				38957DEAE76AB5DEC071C481 /* LoginView.swift */,
				F124A8E856E0234A3EA2D8A1 /* PINEntryScreen.swift */,
				570D41AE54E14C48B823AF17 /* SetPINScreen.swift */,
				AABC105621E9EA9A6D632D90 /* BriefingScreen.swift */,
				9A53CA984822D85271F6D5F0 /* BriefingViewModel.swift */,
				880348B9F2FF70C1981C6382 /* ChatScreen.swift */,
				5EF40BF74BE5CEE2E7033C3D /* DVIRScreen.swift */,
				16F5C42EF5AB3D66661BC24E /* DocumentVaultScreen.swift */,
				6F1CA480C74134D74FDC84AB /* EarningsScreen.swift */,
				366FEDA8B5E023CDD02FB139 /* JobDetailScreen.swift */,
				BAD1A17DC2812F7ACE3E8140 /* JobListScreen.swift */,
				E6ED933016C8ACD583EEBD33 /* NavigationHandoff.swift */,
				43C2F5B20067C7FD5EC46C66 /* OfflineScreen.swift */,
				C6713C4D24DBD065EBECC1DD /* LiveFieldPaymentService.swift */,
				FA2F72B7FDAF52277FA55C1E /* PaymentsService.swift */,
				58AA0F2E0F1D7FF1A58280AC /* CameraCaptureView.swift */,
				04D8C098A2788651D79413AA /* PhotoCaptureScreen.swift */,
				7D2DB338BB67356B0FF80B31 /* PretripScreen.swift */,
				332730D5CFB8AC9D740090E1 /* PretripViewModel.swift */,
				515957BBBF03ADDFE9728BC9 /* ProfileScreen.swift */,
				2F10FC48AE61065B3B275D7D /* PanicButton.swift */,
				2F13E005CC8FD7FBC19C43D8 /* SettingsScreen.swift */,
				265899F8A54FAED872E4EB43 /* SignatureScreen.swift */,
				4EA54E725E03D3E4C37EF585 /* TimeClockScreen.swift */,
				946EEB76567E8FB029DA215D /* VINScanner.swift */,
				EF61687EE07F521749F45DFA /* Info.plist */,
				EEB8D2129CF6E076F7455CB0 /* TowCommandDriver.entitlements */,
				8F860F726BCEED75D7D3791E /* Localizable.strings */,
			);
			name = TowCommandDriver;
			sourceTree = "<group>";
		};
		E717C295FF9827DFF805D88B /* TowCommandDriverTests */ = {
			isa = PBXGroup;
			children = (
				0EE2875386CCE242184FE2D8 /* AppContainerSmokeTests.swift */,
				8DF88BF04A492607DEE6EF8A /* VINValidatorTests.swift */,
			);
			name = TowCommandDriverTests;
			sourceTree = "<group>";
		};
		DD3429FC8319BB3A23E9614F /* TowCommandDriverUITests */ = {
			isa = PBXGroup;
			children = (
				319C2A08123FF887A83462D0 /* BriefingGateUITests.swift */,
				7EC5CF3D328A3ED1051DF5EE /* PINFlowUITests.swift */,
				E6CB436D9EAD4665884C5CB1 /* StatusFlowUITests.swift */,
			);
			name = TowCommandDriverUITests;
			sourceTree = "<group>";
		};
		615B463D1028E4E24B674CF7 /* Products */ = {
			isa = PBXGroup;
			children = (
				4E783A9E10D2A8ABA38CD11C /* TowCommandDriver.app */,
				6C7CCDEB3609F1FAA874E941 /* TowCommandDriverTests.xctest */,
				2E635C1267B14E15F71F5D1A /* TowCommandDriverUITests.xctest */,
			);
			name = Products;
			sourceTree = "<group>";
		};
/* End PBXGroup section */

/* Begin PBXSourcesBuildPhase section */
		CE6F732915415528288BBD76 /* Sources */ = {
			isa = PBXSourcesBuildPhase;
			buildActionMask = 2147483647;
			files = (
				BF120615E97CA43A0B1544F1 /* AppContainer.swift in Sources */,
				50C38BB39F5B2656B218B0AC /* PermissionsWizard.swift in Sources */,
				E6E96C57228AA274B417B2F6 /* PushRegistrar.swift in Sources */,
				91886F29A7E46C17A3B4541F /* RootView.swift in Sources */,
				F86CD4156E0008DC8DA06CAC /* SettingsStore.swift in Sources */,
				A957026EF5DF83CCB4169BD0 /* UsTowDispatchDriverApp.swift in Sources */,
				FA861207C00082E046BA863D /* LockedScreen.swift in Sources */,
				B22A07F0FB7B77A4FF189479 /* LoginView.swift in Sources */,
				4AE2F374607AC8B5462B8BB4 /* PINEntryScreen.swift in Sources */,
				C2F4650201657E817761528E /* SetPINScreen.swift in Sources */,
				51258D1BC8ACE0AD9915C4F2 /* BriefingScreen.swift in Sources */,
				4E597111654D3918D403A582 /* BriefingViewModel.swift in Sources */,
				80B307458DDA561DBD31A84E /* ChatScreen.swift in Sources */,
				BA9CA997C332904380C4670F /* DVIRScreen.swift in Sources */,
				D11D75F34E42E2C17B6ECA30 /* DocumentVaultScreen.swift in Sources */,
				0A045F4F8A063BE2A8C118C3 /* EarningsScreen.swift in Sources */,
				1C83289A622090D33F305CDF /* JobDetailScreen.swift in Sources */,
				DC9F82D9AA5F80F113912DFE /* JobListScreen.swift in Sources */,
				26C84F30C599ED6A9DFA3E40 /* NavigationHandoff.swift in Sources */,
				CBAC60AC5511FD7B81ED9E01 /* OfflineScreen.swift in Sources */,
				63DFD68CD200372DCA26CC2E /* LiveFieldPaymentService.swift in Sources */,
				1447AB65D6472909EE1F5B82 /* PaymentsService.swift in Sources */,
				BAD399F457813C005D7766F3 /* CameraCaptureView.swift in Sources */,
				A682249A6E282E336FC7CD4D /* PhotoCaptureScreen.swift in Sources */,
				743488E590B910401D685BB0 /* PretripScreen.swift in Sources */,
				86038C06B8C2330AABF47A23 /* PretripViewModel.swift in Sources */,
				75841AB2E6311B70ACE5CEAC /* ProfileScreen.swift in Sources */,
				878DC16C89F31160E37E65A0 /* PanicButton.swift in Sources */,
				4127F75E5711CF0D6AF2D724 /* SettingsScreen.swift in Sources */,
				4EA27638CF29331F8437E3B6 /* SignatureScreen.swift in Sources */,
				01B18AA478CFCCE6E307B66E /* TimeClockScreen.swift in Sources */,
				995CA5F9803A27E6EBE2AB73 /* VINScanner.swift in Sources */,
			);
			runOnlyForDeploymentPostprocessing = 0;
		};
		E7218F3454A11A425E876D8D /* Sources */ = {
			isa = PBXSourcesBuildPhase;
			buildActionMask = 2147483647;
			files = (
				78D8C2F09A334BF81AFD977A /* AppContainerSmokeTests.swift in Sources */,
				75595ECFF2FC9CE103CABA68 /* VINValidatorTests.swift in Sources */,
			);
			runOnlyForDeploymentPostprocessing = 0;
		};
		E8E4B6E093B79283EB6927F1 /* Sources */ = {
			isa = PBXSourcesBuildPhase;
			buildActionMask = 2147483647;
			files = (
				088BF3073796A5506D5CF4DC /* BriefingGateUITests.swift in Sources */,
				4355B6F4F47F4849CE60CD13 /* PINFlowUITests.swift in Sources */,
				D3985DB13BD17D31AAF12BFE /* StatusFlowUITests.swift in Sources */,
			);
			runOnlyForDeploymentPostprocessing = 0;
		};
/* End PBXSourcesBuildPhase section */

/* Begin PBXResourcesBuildPhase section */
		A1BE90F212D813EE17901F5F /* Resources */ = {
			isa = PBXResourcesBuildPhase;
			buildActionMask = 2147483647;
			files = (
				2DD9DC7618C3EBAF9F8D987D /* Localizable.strings in Resources */,
			);
			runOnlyForDeploymentPostprocessing = 0;
		};
/* End PBXResourcesBuildPhase section */

/* Begin PBXFrameworksBuildPhase section */
		65C579F5E9F9858C77139572 /* Frameworks */ = {
			isa = PBXFrameworksBuildPhase;
			buildActionMask = 2147483647;
			files = (
				A94482B8CE44EF2FDB82D970 /* Core in Frameworks */,
				B01B085214C6550E36ACDF49 /* DesignSystem in Frameworks */,
			);
			runOnlyForDeploymentPostprocessing = 0;
		};
		E8A9DA1328747E8A58EC5C81 /* Frameworks */ = {
			isa = PBXFrameworksBuildPhase;
			buildActionMask = 2147483647;
			files = (
			);
			runOnlyForDeploymentPostprocessing = 0;
		};
		C3292E24481A71C31478F1B3 /* Frameworks */ = {
			isa = PBXFrameworksBuildPhase;
			buildActionMask = 2147483647;
			files = (
			);
			runOnlyForDeploymentPostprocessing = 0;
		};
/* End PBXFrameworksBuildPhase section */

/* Begin PBXNativeTarget section */
		F75109BEB4DD8800DA6B45F8 /* TowCommandDriver */ = {
			isa = PBXNativeTarget;
			buildConfigurationList = C0E1742D64F9D2A0A2521601 /* Build configuration list for app */;
			buildPhases = (
				CE6F732915415528288BBD76 /* Sources */,
				A1BE90F212D813EE17901F5F /* Resources */,
				65C579F5E9F9858C77139572 /* Frameworks */,
			);
			buildRules = ();
			dependencies = ();
			name = TowCommandDriver;
			packageProductDependencies = (
				0CB4985433B35CF382759002 /* Core */,
				506C644C1D1DA0B7DD9DA1F3 /* DesignSystem */,
			);
			productName = TowCommandDriver;
			productReference = 4E783A9E10D2A8ABA38CD11C /* TowCommandDriver.app */;
			productType = "com.apple.product-type.application";
		};
		C062A5A4A7F4F37DD90F54CB /* TowCommandDriverTests */ = {
			isa = PBXNativeTarget;
			buildConfigurationList = A6C6817865E7AF9BCEBE3959 /* Build configuration list for tests */;
			buildPhases = (
				E7218F3454A11A425E876D8D /* Sources */,
				E8A9DA1328747E8A58EC5C81 /* Frameworks */,
			);
			buildRules = ();
			dependencies = ();
			name = TowCommandDriverTests;
			productName = TowCommandDriverTests;
			productReference = 6C7CCDEB3609F1FAA874E941 /* TowCommandDriverTests.xctest */;
			productType = "com.apple.product-type.bundle.unit-test";
		};
		95F9FC6E252E44B94B26FF0C /* TowCommandDriverUITests */ = {
			isa = PBXNativeTarget;
			buildConfigurationList = 9521FAB9831DE53EADE6B98F /* Build configuration list for uitests */;
			buildPhases = (
				E8E4B6E093B79283EB6927F1 /* Sources */,
				C3292E24481A71C31478F1B3 /* Frameworks */,
			);
			buildRules = ();
			dependencies = ();
			name = TowCommandDriverUITests;
			productName = TowCommandDriverUITests;
			productReference = 2E635C1267B14E15F71F5D1A /* TowCommandDriverUITests.xctest */;
			productType = "com.apple.product-type.bundle.ui-testing";
		};
/* End PBXNativeTarget section */

/* Begin PBXProject section */
		98F54143AB4E86B28C3AFEE0 /* Project object */ = {
			isa = PBXProject;
			attributes = {
				BuildIndependentTargetsInParallel = YES;
				LastSwiftUpdateCheck = 1530;
				LastUpgradeCheck = 1530;
				TargetAttributes = {
					F75109BEB4DD8800DA6B45F8 = { CreatedOnToolsVersion = 15.3; };
					C062A5A4A7F4F37DD90F54CB = { CreatedOnToolsVersion = 15.3; TestTargetID = F75109BEB4DD8800DA6B45F8; };
					95F9FC6E252E44B94B26FF0C = { CreatedOnToolsVersion = 15.3; TestTargetID = F75109BEB4DD8800DA6B45F8; };
				};
			};
			buildConfigurationList = 1721BF9BEBA2AF5DB521269B /* Build configuration list for project */;
			compatibilityVersion = "Xcode 14.0";
			developmentRegion = en;
			hasScannedForEncodings = 0;
			knownRegions = (
				en,
				es,
				Base,
			);
			mainGroup = 870B3294C0CBD48AF6BBCC1B;
			packageReferences = (
				E3ADC1C5B5053D81838A37C4 /* XCLocalSwiftPackageReference "Packages/Core" */,
				FA8C503FFC29DB1639C9E8CB /* XCLocalSwiftPackageReference "Packages/DesignSystem" */,
			);
			productRefGroup = 615B463D1028E4E24B674CF7 /* Products */;
			projectDirPath = "";
			projectRoot = "";
			targets = (
				F75109BEB4DD8800DA6B45F8 /* TowCommandDriver */,
				C062A5A4A7F4F37DD90F54CB /* TowCommandDriverTests */,
				95F9FC6E252E44B94B26FF0C /* TowCommandDriverUITests */,
			);
		};
/* End PBXProject section */

/* Begin XCLocalSwiftPackageReference section */
		E3ADC1C5B5053D81838A37C4 /* XCLocalSwiftPackageReference "Packages/Core" */ = {
			isa = XCLocalSwiftPackageReference;
			relativePath = Packages/Core;
		};
		FA8C503FFC29DB1639C9E8CB /* XCLocalSwiftPackageReference "Packages/DesignSystem" */ = {
			isa = XCLocalSwiftPackageReference;
			relativePath = Packages/DesignSystem;
		};
/* End XCLocalSwiftPackageReference section */

/* Begin XCSwiftPackageProductDependency section */
		0CB4985433B35CF382759002 /* Core */ = {
			isa = XCSwiftPackageProductDependency;
			package = E3ADC1C5B5053D81838A37C4 /* XCLocalSwiftPackageReference "Packages/Core" */;
			productName = Core;
		};
		506C644C1D1DA0B7DD9DA1F3 /* DesignSystem */ = {
			isa = XCSwiftPackageProductDependency;
			package = FA8C503FFC29DB1639C9E8CB /* XCLocalSwiftPackageReference "Packages/DesignSystem" */;
			productName = DesignSystem;
		};
/* End XCSwiftPackageProductDependency section */

/* Begin XCBuildConfiguration section */
		1F55468CE337F002677611C7 /* Debug */ = {
			isa = XCBuildConfiguration;
			buildSettings = {
				ALWAYS_SEARCH_USER_PATHS = "NO";
				CLANG_ANALYZER_NONNULL = "YES";
				CLANG_ENABLE_MODULES = "YES";
				CLANG_ENABLE_OBJC_ARC = "YES";
				CLANG_WARN_DOCUMENTATION_COMMENTS = "YES";
				COPY_PHASE_STRIP = "NO";
				DEBUG_INFORMATION_FORMAT = "dwarf";
				ENABLE_NS_ASSERTIONS = "YES";
				ENABLE_STRICT_OBJC_MSGSEND = "YES";
				GCC_C_LANGUAGE_STANDARD = "gnu17";
				GCC_DYNAMIC_NO_PIC = "NO";
				GCC_OPTIMIZATION_LEVEL = "0";
				GCC_PREPROCESSOR_DEFINITIONS = ("DEBUG=1", "$(inherited)");
				GCC_WARN_64_TO_32_BIT_CONVERSION = "YES";
				GCC_WARN_ABOUT_RETURN_TYPE = "YES_ERROR";
				GCC_WARN_UNDECLARED_SELECTOR = "YES";
				GCC_WARN_UNINITIALIZED_AUTOS = "YES_AGGRESSIVE";
				GCC_WARN_UNUSED_FUNCTION = "YES";
				GCC_WARN_UNUSED_VARIABLE = "YES";
				IPHONEOS_DEPLOYMENT_TARGET = "16.4";
				MTL_ENABLE_DEBUG_INFO = "NO";
				MTL_FAST_MATH = "YES";
				ONLY_ACTIVE_ARCH = "YES";
				SDKROOT = "iphoneos";
				SWIFT_ACTIVE_COMPILATION_CONDITIONS = "DEBUG";
				SWIFT_OPTIMIZATION_LEVEL = "-Onone";
				SWIFT_VERSION = "5.9";
			};
			name = Debug;
		};
		CAAFFB899842043594D52520 /* Release */ = {
			isa = XCBuildConfiguration;
			buildSettings = {
				ALWAYS_SEARCH_USER_PATHS = "NO";
				CLANG_ANALYZER_NONNULL = "YES";
				CLANG_ENABLE_MODULES = "YES";
				CLANG_ENABLE_OBJC_ARC = "YES";
				CLANG_WARN_DOCUMENTATION_COMMENTS = "YES";
				COPY_PHASE_STRIP = "NO";
				DEBUG_INFORMATION_FORMAT = "dwarf-with-dsym";
				ENABLE_NS_ASSERTIONS = "NO";
				ENABLE_STRICT_OBJC_MSGSEND = "YES";
				GCC_C_LANGUAGE_STANDARD = "gnu17";
				GCC_WARN_64_TO_32_BIT_CONVERSION = "YES";
				GCC_WARN_ABOUT_RETURN_TYPE = "YES_ERROR";
				GCC_WARN_UNDECLARED_SELECTOR = "YES";
				GCC_WARN_UNINITIALIZED_AUTOS = "YES_AGGRESSIVE";
				GCC_WARN_UNUSED_FUNCTION = "YES";
				GCC_WARN_UNUSED_VARIABLE = "YES";
				IPHONEOS_DEPLOYMENT_TARGET = "16.4";
				MTL_ENABLE_DEBUG_INFO = "NO";
				MTL_FAST_MATH = "YES";
				SDKROOT = "iphoneos";
				SWIFT_OPTIMIZATION_LEVEL = "-O";
				SWIFT_VERSION = "5.9";
				VALIDATE_PRODUCT = "YES";
			};
			name = Release;
		};
		67448E191B7369DA6E6E1DAA /* Debug */ = {
			isa = XCBuildConfiguration;
			buildSettings = {
				ASSETCATALOG_COMPILER_APPICON_NAME = "AppIcon";
				CODE_SIGN_ENTITLEMENTS = "TowCommandDriver/Resources/TowCommandDriver.entitlements";
				CODE_SIGN_STYLE = "Automatic";
				CURRENT_PROJECT_VERSION = "1";
				ENABLE_PREVIEWS = "YES";
				GENERATE_INFOPLIST_FILE = "NO";
				INFOPLIST_FILE = "TowCommandDriver/Resources/Info.plist";
				INFOPLIST_KEY_CFBundleDisplayName = "US Tow Dispatch";
				LD_RUNPATH_SEARCH_PATHS = ("$(inherited)", "@executable_path/Frameworks");
				MARKETING_VERSION = "0.1.0";
				PRODUCT_BUNDLE_IDENTIFIER = "com.ustowdispatch.driver";
				PRODUCT_NAME = "$(TARGET_NAME)";
				SWIFT_EMIT_LOC_STRINGS = "YES";
				TARGETED_DEVICE_FAMILY = "1";
			};
			name = Debug;
		};
		17705AA15D319C6DC9C2B78D /* Release */ = {
			isa = XCBuildConfiguration;
			buildSettings = {
				ASSETCATALOG_COMPILER_APPICON_NAME = "AppIcon";
				CODE_SIGN_ENTITLEMENTS = "TowCommandDriver/Resources/TowCommandDriver.entitlements";
				CODE_SIGN_STYLE = "Automatic";
				CURRENT_PROJECT_VERSION = "1";
				ENABLE_PREVIEWS = "YES";
				GENERATE_INFOPLIST_FILE = "NO";
				INFOPLIST_FILE = "TowCommandDriver/Resources/Info.plist";
				INFOPLIST_KEY_CFBundleDisplayName = "US Tow Dispatch";
				LD_RUNPATH_SEARCH_PATHS = ("$(inherited)", "@executable_path/Frameworks");
				MARKETING_VERSION = "0.1.0";
				PRODUCT_BUNDLE_IDENTIFIER = "com.ustowdispatch.driver";
				PRODUCT_NAME = "$(TARGET_NAME)";
				SWIFT_EMIT_LOC_STRINGS = "YES";
				TARGETED_DEVICE_FAMILY = "1";
			};
			name = Release;
		};
		BCAE8E419DE22867168D61C5 /* Debug */ = {
			isa = XCBuildConfiguration;
			buildSettings = {
				BUNDLE_LOADER = "$(TEST_HOST)";
				CODE_SIGN_STYLE = "Automatic";
				CURRENT_PROJECT_VERSION = "1";
				GENERATE_INFOPLIST_FILE = "YES";
				MARKETING_VERSION = "0.1.0";
				PRODUCT_BUNDLE_IDENTIFIER = "com.ustowdispatch.driver.tests";
				PRODUCT_NAME = "$(TARGET_NAME)";
				TARGETED_DEVICE_FAMILY = "1";
				TEST_HOST = "$(BUILT_PRODUCTS_DIR)/TowCommandDriver.app/$(BUNDLE_EXECUTABLE_FOLDER_PATH)/TowCommandDriver";
			};
			name = Debug;
		};
		C1C48DFFF60266BBA13CC06F /* Release */ = {
			isa = XCBuildConfiguration;
			buildSettings = {
				BUNDLE_LOADER = "$(TEST_HOST)";
				CODE_SIGN_STYLE = "Automatic";
				CURRENT_PROJECT_VERSION = "1";
				GENERATE_INFOPLIST_FILE = "YES";
				MARKETING_VERSION = "0.1.0";
				PRODUCT_BUNDLE_IDENTIFIER = "com.ustowdispatch.driver.tests";
				PRODUCT_NAME = "$(TARGET_NAME)";
				TARGETED_DEVICE_FAMILY = "1";
				TEST_HOST = "$(BUILT_PRODUCTS_DIR)/TowCommandDriver.app/$(BUNDLE_EXECUTABLE_FOLDER_PATH)/TowCommandDriver";
			};
			name = Release;
		};
		8B6C46A4753273F70552F0FD /* Debug */ = {
			isa = XCBuildConfiguration;
			buildSettings = {
				CODE_SIGN_STYLE = "Automatic";
				CURRENT_PROJECT_VERSION = "1";
				GENERATE_INFOPLIST_FILE = "YES";
				MARKETING_VERSION = "0.1.0";
				PRODUCT_BUNDLE_IDENTIFIER = "com.ustowdispatch.driver.uitests";
				PRODUCT_NAME = "$(TARGET_NAME)";
				TARGETED_DEVICE_FAMILY = "1";
				TEST_TARGET_NAME = "TowCommandDriver";
			};
			name = Debug;
		};
		B00B53DC6CAD12BE12125A6D /* Release */ = {
			isa = XCBuildConfiguration;
			buildSettings = {
				CODE_SIGN_STYLE = "Automatic";
				CURRENT_PROJECT_VERSION = "1";
				GENERATE_INFOPLIST_FILE = "YES";
				MARKETING_VERSION = "0.1.0";
				PRODUCT_BUNDLE_IDENTIFIER = "com.ustowdispatch.driver.uitests";
				PRODUCT_NAME = "$(TARGET_NAME)";
				TARGETED_DEVICE_FAMILY = "1";
				TEST_TARGET_NAME = "TowCommandDriver";
			};
			name = Release;
		};
/* End XCBuildConfiguration section */

/* Begin XCConfigurationList section */
		1721BF9BEBA2AF5DB521269B /* Project */ = {
			isa = XCConfigurationList;
			buildConfigurations = (
				1F55468CE337F002677611C7 /* Debug */,
				CAAFFB899842043594D52520 /* Release */,
			);
			defaultConfigurationIsVisible = 0;
			defaultConfigurationName = Release;
		};
		C0E1742D64F9D2A0A2521601 /* App */ = {
			isa = XCConfigurationList;
			buildConfigurations = (
				67448E191B7369DA6E6E1DAA /* Debug */,
				17705AA15D319C6DC9C2B78D /* Release */,
			);
			defaultConfigurationIsVisible = 0;
			defaultConfigurationName = Release;
		};
		A6C6817865E7AF9BCEBE3959 /* Tests */ = {
			isa = XCConfigurationList;
			buildConfigurations = (
				BCAE8E419DE22867168D61C5 /* Debug */,
				C1C48DFFF60266BBA13CC06F /* Release */,
			);
			defaultConfigurationIsVisible = 0;
			defaultConfigurationName = Release;
		};
		9521FAB9831DE53EADE6B98F /* UITests */ = {
			isa = XCConfigurationList;
			buildConfigurations = (
				8B6C46A4753273F70552F0FD /* Debug */,
				B00B53DC6CAD12BE12125A6D /* Release */,
			);
			defaultConfigurationIsVisible = 0;
			defaultConfigurationName = Release;
		};
/* End XCConfigurationList section */

	};
	rootObject = 98F54143AB4E86B28C3AFEE0 /* Project object */;
}
