// !$*UTF8*$!
{
	archiveVersion = 1;
	classes = {};
	objectVersion = 60;
	objects = {
/* Begin PBXBuildFile section */
		66EA28A8738B9B1C2A52C9AD /* AppContainer.swift in Sources */ = {isa = PBXBuildFile; fileRef = 1129D55A3A3454D9FF90C814 /* AppContainer.swift */; };
		575FC26C3DD75D4591676B78 /* PermissionsWizard.swift in Sources */ = {isa = PBXBuildFile; fileRef = 141ED14F2CFEDDADD2001DEC /* PermissionsWizard.swift */; };
		81D5B40F3C1B749E8FC29738 /* PushRegistrar.swift in Sources */ = {isa = PBXBuildFile; fileRef = 449752F52A312EA6708AC2C7 /* PushRegistrar.swift */; };
		26C3F1136B8E9AC4980366A9 /* RootView.swift in Sources */ = {isa = PBXBuildFile; fileRef = B244F2EA47E277796400FCEB /* RootView.swift */; };
		6C2236C22195278847131DEA /* SettingsStore.swift in Sources */ = {isa = PBXBuildFile; fileRef = 9F1F1168BEA2E8033CAF82A6 /* SettingsStore.swift */; };
		B1A8FEEAE365A5A1718D0E16 /* UsTowDispatchDriverApp.swift in Sources */ = {isa = PBXBuildFile; fileRef = A8A453FDCCB376787CDD151B /* UsTowDispatchDriverApp.swift */; };
		3F1AAF9541F2019F49950E25 /* LoginView.swift in Sources */ = {isa = PBXBuildFile; fileRef = DBA692B6EDA59F9E3D4334B6 /* LoginView.swift */; };
		A48D5049B35BB51516DDDB06 /* ChatScreen.swift in Sources */ = {isa = PBXBuildFile; fileRef = 73A0B4448AAC94D03E211A7A /* ChatScreen.swift */; };
		215AD1CD7B248858FB30AFA8 /* DVIRScreen.swift in Sources */ = {isa = PBXBuildFile; fileRef = 1968379B47DEAB8E1DE6AA48 /* DVIRScreen.swift */; };
		BEFF469B671A0C16A1AC85FE /* DocumentVaultScreen.swift in Sources */ = {isa = PBXBuildFile; fileRef = A03CA4598966661F7A1362D5 /* DocumentVaultScreen.swift */; };
		6D9EF99C5623C1357FB162F9 /* EarningsScreen.swift in Sources */ = {isa = PBXBuildFile; fileRef = 95CD3A1EEEC980DD5870AE6E /* EarningsScreen.swift */; };
		8828497A52B2C131B04CED61 /* JobDetailScreen.swift in Sources */ = {isa = PBXBuildFile; fileRef = 631C24D2B53A95280477CB2E /* JobDetailScreen.swift */; };
		EE9455B180A64D5F853910BE /* JobListScreen.swift in Sources */ = {isa = PBXBuildFile; fileRef = C0B342A1BD551DDA296F4E68 /* JobListScreen.swift */; };
		AA7D0C77209B847B98972C59 /* NavigationHandoff.swift in Sources */ = {isa = PBXBuildFile; fileRef = 776F1EEEACC0745E52B7B6A1 /* NavigationHandoff.swift */; };
		E67ABF9BD498BAA5999B9CB3 /* PaymentsService.swift in Sources */ = {isa = PBXBuildFile; fileRef = 547327E67DECF506A855EA01 /* PaymentsService.swift */; };
		99A3BA0DE74C6F8A79A353ED /* CameraCaptureView.swift in Sources */ = {isa = PBXBuildFile; fileRef = 096F631B2161469BD4014AD4 /* CameraCaptureView.swift */; };
		87C3D2151625DB41B0FED389 /* PhotoCaptureScreen.swift in Sources */ = {isa = PBXBuildFile; fileRef = 2ACDE4C42DF503AC4735896F /* PhotoCaptureScreen.swift */; };
		E58506260C4A742A0968884B /* ProfileScreen.swift in Sources */ = {isa = PBXBuildFile; fileRef = C4DD9DEB93A5A8B71AE503E3 /* ProfileScreen.swift */; };
		8587560692E70FA968684266 /* PanicButton.swift in Sources */ = {isa = PBXBuildFile; fileRef = 66C9B868333F090EB8F4131E /* PanicButton.swift */; };
		AFF7D1720D90F554C30E9796 /* SettingsScreen.swift in Sources */ = {isa = PBXBuildFile; fileRef = EDDBAEDEEF5D880EF2463FDB /* SettingsScreen.swift */; };
		F8B2BF124AF3DE994D623275 /* SignatureScreen.swift in Sources */ = {isa = PBXBuildFile; fileRef = D2C0E40553E523D9D2DD07E8 /* SignatureScreen.swift */; };
		1AC03EB40003C9071894FD15 /* TimeClockScreen.swift in Sources */ = {isa = PBXBuildFile; fileRef = 01FEA8E5642E5C9AD048794B /* TimeClockScreen.swift */; };
		DDB9D82928AE8E28D39F94ED /* VINScanner.swift in Sources */ = {isa = PBXBuildFile; fileRef = 5C22B5A1BDD548793825BC93 /* VINScanner.swift */; };
		A27BA6AFA5E1DB43466A8E24 /* AppContainerSmokeTests.swift in Sources */ = {isa = PBXBuildFile; fileRef = B3CC530FC8B77FF7FA103041 /* AppContainerSmokeTests.swift */; };
		AEDA565E36364FFA546F6661 /* VINValidatorTests.swift in Sources */ = {isa = PBXBuildFile; fileRef = 5E6AFD6FB44A6C9DEF2933CD /* VINValidatorTests.swift */; };
		498430CE35373660243443B9 /* StatusFlowUITests.swift in Sources */ = {isa = PBXBuildFile; fileRef = 4A31E7EB24EC654685093CC0 /* StatusFlowUITests.swift */; };
		2DD9DC7618C3EBAF9F8D987D /* Localizable.strings in Resources */ = {isa = PBXBuildFile; fileRef = 8F860F726BCEED75D7D3791E /* Localizable.strings */; };
		A94482B8CE44EF2FDB82D970 /* Core in Frameworks */ = {isa = PBXBuildFile; productRef = 0CB4985433B35CF382759002 /* Core */; };
		B01B085214C6550E36ACDF49 /* DesignSystem in Frameworks */ = {isa = PBXBuildFile; productRef = 506C644C1D1DA0B7DD9DA1F3 /* DesignSystem */; };
/* End PBXBuildFile section */

/* Begin PBXFileReference section */
		1129D55A3A3454D9FF90C814 /* AppContainer.swift */ = {isa = PBXFileReference; lastKnownFileType = sourcecode.swift; path = "TowCommandDriver/App/AppContainer.swift"; sourceTree = "<group>"; };
		141ED14F2CFEDDADD2001DEC /* PermissionsWizard.swift */ = {isa = PBXFileReference; lastKnownFileType = sourcecode.swift; path = "TowCommandDriver/App/PermissionsWizard.swift"; sourceTree = "<group>"; };
		449752F52A312EA6708AC2C7 /* PushRegistrar.swift */ = {isa = PBXFileReference; lastKnownFileType = sourcecode.swift; path = "TowCommandDriver/App/PushRegistrar.swift"; sourceTree = "<group>"; };
		B244F2EA47E277796400FCEB /* RootView.swift */ = {isa = PBXFileReference; lastKnownFileType = sourcecode.swift; path = "TowCommandDriver/App/RootView.swift"; sourceTree = "<group>"; };
		9F1F1168BEA2E8033CAF82A6 /* SettingsStore.swift */ = {isa = PBXFileReference; lastKnownFileType = sourcecode.swift; path = "TowCommandDriver/App/SettingsStore.swift"; sourceTree = "<group>"; };
		A8A453FDCCB376787CDD151B /* UsTowDispatchDriverApp.swift */ = {isa = PBXFileReference; lastKnownFileType = sourcecode.swift; path = "TowCommandDriver/App/UsTowDispatchDriverApp.swift"; sourceTree = "<group>"; };
		DBA692B6EDA59F9E3D4334B6 /* LoginView.swift */ = {isa = PBXFileReference; lastKnownFileType = sourcecode.swift; path = "TowCommandDriver/Features/Auth/LoginView.swift"; sourceTree = "<group>"; };
		73A0B4448AAC94D03E211A7A /* ChatScreen.swift */ = {isa = PBXFileReference; lastKnownFileType = sourcecode.swift; path = "TowCommandDriver/Features/Chat/ChatScreen.swift"; sourceTree = "<group>"; };
		1968379B47DEAB8E1DE6AA48 /* DVIRScreen.swift */ = {isa = PBXFileReference; lastKnownFileType = sourcecode.swift; path = "TowCommandDriver/Features/DVIR/DVIRScreen.swift"; sourceTree = "<group>"; };
		A03CA4598966661F7A1362D5 /* DocumentVaultScreen.swift */ = {isa = PBXFileReference; lastKnownFileType = sourcecode.swift; path = "TowCommandDriver/Features/DocumentVault/DocumentVaultScreen.swift"; sourceTree = "<group>"; };
		95CD3A1EEEC980DD5870AE6E /* EarningsScreen.swift */ = {isa = PBXFileReference; lastKnownFileType = sourcecode.swift; path = "TowCommandDriver/Features/Earnings/EarningsScreen.swift"; sourceTree = "<group>"; };
		631C24D2B53A95280477CB2E /* JobDetailScreen.swift */ = {isa = PBXFileReference; lastKnownFileType = sourcecode.swift; path = "TowCommandDriver/Features/Jobs/JobDetailScreen.swift"; sourceTree = "<group>"; };
		C0B342A1BD551DDA296F4E68 /* JobListScreen.swift */ = {isa = PBXFileReference; lastKnownFileType = sourcecode.swift; path = "TowCommandDriver/Features/Jobs/JobListScreen.swift"; sourceTree = "<group>"; };
		776F1EEEACC0745E52B7B6A1 /* NavigationHandoff.swift */ = {isa = PBXFileReference; lastKnownFileType = sourcecode.swift; path = "TowCommandDriver/Features/Navigation/NavigationHandoff.swift"; sourceTree = "<group>"; };
		547327E67DECF506A855EA01 /* PaymentsService.swift */ = {isa = PBXFileReference; lastKnownFileType = sourcecode.swift; path = "TowCommandDriver/Features/Payments/PaymentsService.swift"; sourceTree = "<group>"; };
		096F631B2161469BD4014AD4 /* CameraCaptureView.swift */ = {isa = PBXFileReference; lastKnownFileType = sourcecode.swift; path = "TowCommandDriver/Features/Photos/CameraCaptureView.swift"; sourceTree = "<group>"; };
		2ACDE4C42DF503AC4735896F /* PhotoCaptureScreen.swift */ = {isa = PBXFileReference; lastKnownFileType = sourcecode.swift; path = "TowCommandDriver/Features/Photos/PhotoCaptureScreen.swift"; sourceTree = "<group>"; };
		C4DD9DEB93A5A8B71AE503E3 /* ProfileScreen.swift */ = {isa = PBXFileReference; lastKnownFileType = sourcecode.swift; path = "TowCommandDriver/Features/Profile/ProfileScreen.swift"; sourceTree = "<group>"; };
		66C9B868333F090EB8F4131E /* PanicButton.swift */ = {isa = PBXFileReference; lastKnownFileType = sourcecode.swift; path = "TowCommandDriver/Features/Safety/PanicButton.swift"; sourceTree = "<group>"; };
		EDDBAEDEEF5D880EF2463FDB /* SettingsScreen.swift */ = {isa = PBXFileReference; lastKnownFileType = sourcecode.swift; path = "TowCommandDriver/Features/Settings/SettingsScreen.swift"; sourceTree = "<group>"; };
		D2C0E40553E523D9D2DD07E8 /* SignatureScreen.swift */ = {isa = PBXFileReference; lastKnownFileType = sourcecode.swift; path = "TowCommandDriver/Features/Signature/SignatureScreen.swift"; sourceTree = "<group>"; };
		01FEA8E5642E5C9AD048794B /* TimeClockScreen.swift */ = {isa = PBXFileReference; lastKnownFileType = sourcecode.swift; path = "TowCommandDriver/Features/TimeClock/TimeClockScreen.swift"; sourceTree = "<group>"; };
		5C22B5A1BDD548793825BC93 /* VINScanner.swift */ = {isa = PBXFileReference; lastKnownFileType = sourcecode.swift; path = "TowCommandDriver/Features/VIN/VINScanner.swift"; sourceTree = "<group>"; };
		B3CC530FC8B77FF7FA103041 /* AppContainerSmokeTests.swift */ = {isa = PBXFileReference; lastKnownFileType = sourcecode.swift; path = "TowCommandDriverTests/AppContainerSmokeTests.swift"; sourceTree = "<group>"; };
		5E6AFD6FB44A6C9DEF2933CD /* VINValidatorTests.swift */ = {isa = PBXFileReference; lastKnownFileType = sourcecode.swift; path = "TowCommandDriverTests/VINValidatorTests.swift"; sourceTree = "<group>"; };
		4A31E7EB24EC654685093CC0 /* StatusFlowUITests.swift */ = {isa = PBXFileReference; lastKnownFileType = sourcecode.swift; path = "TowCommandDriverUITests/StatusFlowUITests.swift"; sourceTree = "<group>"; };
		EF61687EE07F521749F45DFA /* Info.plist */ = {isa = PBXFileReference; lastKnownFileType = text.plist.xml; path = "TowCommandDriver/Resources/Info.plist"; sourceTree = "<group>"; };
		EEB8D2129CF6E076F7455CB0 /* TowCommandDriver.entitlements */ = {isa = PBXFileReference; lastKnownFileType = text.plist.entitlements; path = "TowCommandDriver/Resources/TowCommandDriver.entitlements"; sourceTree = "<group>"; };
		F830B064E833FD426237B0FB /* en */ = {isa = PBXFileReference; lastKnownFileType = text.plist.strings; name = en; path = "TowCommandDriver/Resources/Localizable.strings"; sourceTree = "<group>"; };
		465F446ECCB21E1F1E79497C /* es */ = {isa = PBXFileReference; lastKnownFileType = text.plist.strings; name = es; path = "TowCommandDriver/Resources/es.lproj/Localizable.strings"; sourceTree = "<group>"; };
		4E783A9E10D2A8ABA38CD11C /* TowCommandDriver.app */ = {isa = PBXFileReference; explicitFileType = wrapper.application; includeInIndex = 0; path = TowCommandDriver.app; sourceTree = BUILT_PRODUCTS_DIR; };
		6C7CCDEB3609F1FAA874E941 /* TowCommandDriverTests.xctest */ = {isa = PBXFileReference; explicitFileType = wrapper.cfbundle; includeInIndex = 0; path = TowCommandDriverTests.xctest; sourceTree = BUILT_PRODUCTS_DIR; };
		2E635C1267B14E15F71F5D1A /* TowCommandDriverUITests.xctest */ = {isa = PBXFileReference; explicitFileType = wrapper.cfbundle; includeInIndex = 0; path = TowCommandDriverUITests.xctest; sourceTree = BUILT_PRODUCTS_DIR; };
/* End PBXFileReference section */

/* Begin PBXVariantGroup section */
		8F860F726BCEED75D7D3791E /* Localizable.strings */ = {
			isa = PBXVariantGroup;
			children = (
				F830B064E833FD426237B0FB /* en */,
				465F446ECCB21E1F1E79497C /* es */,
			);
			name = Localizable.strings;
			sourceTree = "<group>";
		};
/* End PBXVariantGroup section */

/* Begin PBXGroup section */
		870B3294C0CBD48AF6BBCC1B /* TowCommandDriver */ = {
			isa = PBXGroup;
			children = (
				3C3B0F03DC089F93B8457928 /* TowCommandDriver */,
				E717C295FF9827DFF805D88B /* TowCommandDriverTests */,
				DD3429FC8319BB3A23E9614F /* TowCommandDriverUITests */,
				615B463D1028E4E24B674CF7 /* Products */,
			);
			name = TowCommandDriver;
			sourceTree = "<group>";
		};
		3C3B0F03DC089F93B8457928 /* TowCommandDriver */ = {
			isa = PBXGroup;
			children = (
				1129D55A3A3454D9FF90C814 /* AppContainer.swift */,
				141ED14F2CFEDDADD2001DEC /* PermissionsWizard.swift */,
				449752F52A312EA6708AC2C7 /* PushRegistrar.swift */,
				B244F2EA47E277796400FCEB /* RootView.swift */,
				9F1F1168BEA2E8033CAF82A6 /* SettingsStore.swift */,
				A8A453FDCCB376787CDD151B /* UsTowDispatchDriverApp.swift */,
				DBA692B6EDA59F9E3D4334B6 /* LoginView.swift */,
				73A0B4448AAC94D03E211A7A /* ChatScreen.swift */,
				1968379B47DEAB8E1DE6AA48 /* DVIRScreen.swift */,
				A03CA4598966661F7A1362D5 /* DocumentVaultScreen.swift */,
				95CD3A1EEEC980DD5870AE6E /* EarningsScreen.swift */,
				631C24D2B53A95280477CB2E /* JobDetailScreen.swift */,
				C0B342A1BD551DDA296F4E68 /* JobListScreen.swift */,
				776F1EEEACC0745E52B7B6A1 /* NavigationHandoff.swift */,
				547327E67DECF506A855EA01 /* PaymentsService.swift */,
				096F631B2161469BD4014AD4 /* CameraCaptureView.swift */,
				2ACDE4C42DF503AC4735896F /* PhotoCaptureScreen.swift */,
				C4DD9DEB93A5A8B71AE503E3 /* ProfileScreen.swift */,
				66C9B868333F090EB8F4131E /* PanicButton.swift */,
				EDDBAEDEEF5D880EF2463FDB /* SettingsScreen.swift */,
				D2C0E40553E523D9D2DD07E8 /* SignatureScreen.swift */,
				01FEA8E5642E5C9AD048794B /* TimeClockScreen.swift */,
				5C22B5A1BDD548793825BC93 /* VINScanner.swift */,
				EF61687EE07F521749F45DFA /* Info.plist */,
				EEB8D2129CF6E076F7455CB0 /* TowCommandDriver.entitlements */,
				8F860F726BCEED75D7D3791E /* Localizable.strings */,
			);
			name = TowCommandDriver;
			sourceTree = "<group>";
		};
		E717C295FF9827DFF805D88B /* TowCommandDriverTests */ = {
			isa = PBXGroup;
			children = (
				B3CC530FC8B77FF7FA103041 /* AppContainerSmokeTests.swift */,
				5E6AFD6FB44A6C9DEF2933CD /* VINValidatorTests.swift */,
			);
			name = TowCommandDriverTests;
			sourceTree = "<group>";
		};
		DD3429FC8319BB3A23E9614F /* TowCommandDriverUITests */ = {
			isa = PBXGroup;
			children = (
				4A31E7EB24EC654685093CC0 /* StatusFlowUITests.swift */,
			);
			name = TowCommandDriverUITests;
			sourceTree = "<group>";
		};
		615B463D1028E4E24B674CF7 /* Products */ = {
			isa = PBXGroup;
			children = (
				4E783A9E10D2A8ABA38CD11C /* TowCommandDriver.app */,
				6C7CCDEB3609F1FAA874E941 /* TowCommandDriverTests.xctest */,
				2E635C1267B14E15F71F5D1A /* TowCommandDriverUITests.xctest */,
			);
			name = Products;
			sourceTree = "<group>";
		};
/* End PBXGroup section */

/* Begin PBXSourcesBuildPhase section */
		CE6F732915415528288BBD76 /* Sources */ = {
			isa = PBXSourcesBuildPhase;
			buildActionMask = 2147483647;
			files = (
				66EA28A8738B9B1C2A52C9AD /* AppContainer.swift in Sources */,
				575FC26C3DD75D4591676B78 /* PermissionsWizard.swift in Sources */,
				81D5B40F3C1B749E8FC29738 /* PushRegistrar.swift in Sources */,
				26C3F1136B8E9AC4980366A9 /* RootView.swift in Sources */,
				6C2236C22195278847131DEA /* SettingsStore.swift in Sources */,
				B1A8FEEAE365A5A1718D0E16 /* UsTowDispatchDriverApp.swift in Sources */,
				3F1AAF9541F2019F49950E25 /* LoginView.swift in Sources */,
				A48D5049B35BB51516DDDB06 /* ChatScreen.swift in Sources */,
				215AD1CD7B248858FB30AFA8 /* DVIRScreen.swift in Sources */,
				BEFF469B671A0C16A1AC85FE /* DocumentVaultScreen.swift in Sources */,
				6D9EF99C5623C1357FB162F9 /* EarningsScreen.swift in Sources */,
				8828497A52B2C131B04CED61 /* JobDetailScreen.swift in Sources */,
				EE9455B180A64D5F853910BE /* JobListScreen.swift in Sources */,
				AA7D0C77209B847B98972C59 /* NavigationHandoff.swift in Sources */,
				E67ABF9BD498BAA5999B9CB3 /* PaymentsService.swift in Sources */,
				99A3BA0DE74C6F8A79A353ED /* CameraCaptureView.swift in Sources */,
				87C3D2151625DB41B0FED389 /* PhotoCaptureScreen.swift in Sources */,
				E58506260C4A742A0968884B /* ProfileScreen.swift in Sources */,
				8587560692E70FA968684266 /* PanicButton.swift in Sources */,
				AFF7D1720D90F554C30E9796 /* SettingsScreen.swift in Sources */,
				F8B2BF124AF3DE994D623275 /* SignatureScreen.swift in Sources */,
				1AC03EB40003C9071894FD15 /* TimeClockScreen.swift in Sources */,
				DDB9D82928AE8E28D39F94ED /* VINScanner.swift in Sources */,
			);
			runOnlyForDeploymentPostprocessing = 0;
		};
		E7218F3454A11A425E876D8D /* Sources */ = {
			isa = PBXSourcesBuildPhase;
			buildActionMask = 2147483647;
			files = (
				A27BA6AFA5E1DB43466A8E24 /* AppContainerSmokeTests.swift in Sources */,
				AEDA565E36364FFA546F6661 /* VINValidatorTests.swift in Sources */,
			);
			runOnlyForDeploymentPostprocessing = 0;
		};
		E8E4B6E093B79283EB6927F1 /* Sources */ = {
			isa = PBXSourcesBuildPhase;
			buildActionMask = 2147483647;
			files = (
				498430CE35373660243443B9 /* StatusFlowUITests.swift in Sources */,
			);
			runOnlyForDeploymentPostprocessing = 0;
		};
/* End PBXSourcesBuildPhase section */

/* Begin PBXResourcesBuildPhase section */
		A1BE90F212D813EE17901F5F /* Resources */ = {
			isa = PBXResourcesBuildPhase;
			buildActionMask = 2147483647;
			files = (
				2DD9DC7618C3EBAF9F8D987D /* Localizable.strings in Resources */,
			);
			runOnlyForDeploymentPostprocessing = 0;
		};
/* End PBXResourcesBuildPhase section */

/* Begin PBXFrameworksBuildPhase section */
		65C579F5E9F9858C77139572 /* Frameworks */ = {
			isa = PBXFrameworksBuildPhase;
			buildActionMask = 2147483647;
			files = (
				A94482B8CE44EF2FDB82D970 /* Core in Frameworks */,
				B01B085214C6550E36ACDF49 /* DesignSystem in Frameworks */,
			);
			runOnlyForDeploymentPostprocessing = 0;
		};
		E8A9DA1328747E8A58EC5C81 /* Frameworks */ = {
			isa = PBXFrameworksBuildPhase;
			buildActionMask = 2147483647;
			files = (
			);
			runOnlyForDeploymentPostprocessing = 0;
		};
		C3292E24481A71C31478F1B3 /* Frameworks */ = {
			isa = PBXFrameworksBuildPhase;
			buildActionMask = 2147483647;
			files = (
			);
			runOnlyForDeploymentPostprocessing = 0;
		};
/* End PBXFrameworksBuildPhase section */

/* Begin PBXNativeTarget section */
		F75109BEB4DD8800DA6B45F8 /* TowCommandDriver */ = {
			isa = PBXNativeTarget;
			buildConfigurationList = C0E1742D64F9D2A0A2521601 /* Build configuration list for app */;
			buildPhases = (
				CE6F732915415528288BBD76 /* Sources */,
				A1BE90F212D813EE17901F5F /* Resources */,
				65C579F5E9F9858C77139572 /* Frameworks */,
			);
			buildRules = ();
			dependencies = ();
			name = TowCommandDriver;
			packageProductDependencies = (
				0CB4985433B35CF382759002 /* Core */,
				506C644C1D1DA0B7DD9DA1F3 /* DesignSystem */,
			);
			productName = TowCommandDriver;
			productReference = 4E783A9E10D2A8ABA38CD11C /* TowCommandDriver.app */;
			productType = "com.apple.product-type.application";
		};
		C062A5A4A7F4F37DD90F54CB /* TowCommandDriverTests */ = {
			isa = PBXNativeTarget;
			buildConfigurationList = A6C6817865E7AF9BCEBE3959 /* Build configuration list for tests */;
			buildPhases = (
				E7218F3454A11A425E876D8D /* Sources */,
				E8A9DA1328747E8A58EC5C81 /* Frameworks */,
			);
			buildRules = ();
			dependencies = ();
			name = TowCommandDriverTests;
			productName = TowCommandDriverTests;
			productReference = 6C7CCDEB3609F1FAA874E941 /* TowCommandDriverTests.xctest */;
			productType = "com.apple.product-type.bundle.unit-test";
		};
		95F9FC6E252E44B94B26FF0C /* TowCommandDriverUITests */ = {
			isa = PBXNativeTarget;
			buildConfigurationList = 9521FAB9831DE53EADE6B98F /* Build configuration list for uitests */;
			buildPhases = (
				E8E4B6E093B79283EB6927F1 /* Sources */,
				C3292E24481A71C31478F1B3 /* Frameworks */,
			);
			buildRules = ();
			dependencies = ();
			name = TowCommandDriverUITests;
			productName = TowCommandDriverUITests;
			productReference = 2E635C1267B14E15F71F5D1A /* TowCommandDriverUITests.xctest */;
			productType = "com.apple.product-type.bundle.ui-testing";
		};
/* End PBXNativeTarget section */

/* Begin PBXProject section */
		98F54143AB4E86B28C3AFEE0 /* Project object */ = {
			isa = PBXProject;
			attributes = {
				BuildIndependentTargetsInParallel = YES;
				LastSwiftUpdateCheck = 1530;
				LastUpgradeCheck = 1530;
				TargetAttributes = {
					F75109BEB4DD8800DA6B45F8 = { CreatedOnToolsVersion = 15.3; };
					C062A5A4A7F4F37DD90F54CB = { CreatedOnToolsVersion = 15.3; TestTargetID = F75109BEB4DD8800DA6B45F8; };
					95F9FC6E252E44B94B26FF0C = { CreatedOnToolsVersion = 15.3; TestTargetID = F75109BEB4DD8800DA6B45F8; };
				};
			};
			buildConfigurationList = 1721BF9BEBA2AF5DB521269B /* Build configuration list for project */;
			compatibilityVersion = "Xcode 14.0";
			developmentRegion = en;
			hasScannedForEncodings = 0;
			knownRegions = (
				en,
				es,
				Base,
			);
			mainGroup = 870B3294C0CBD48AF6BBCC1B;
			packageReferences = (
				E3ADC1C5B5053D81838A37C4 /* XCLocalSwiftPackageReference "Packages/Core" */,
				FA8C503FFC29DB1639C9E8CB /* XCLocalSwiftPackageReference "Packages/DesignSystem" */,
			);
			productRefGroup = 615B463D1028E4E24B674CF7 /* Products */;
			projectDirPath = "";
			projectRoot = "";
			targets = (
				F75109BEB4DD8800DA6B45F8 /* TowCommandDriver */,
				C062A5A4A7F4F37DD90F54CB /* TowCommandDriverTests */,
				95F9FC6E252E44B94B26FF0C /* TowCommandDriverUITests */,
			);
		};
/* End PBXProject section */

/* Begin XCLocalSwiftPackageReference section */
		E3ADC1C5B5053D81838A37C4 /* XCLocalSwiftPackageReference "Packages/Core" */ = {
			isa = XCLocalSwiftPackageReference;
			relativePath = Packages/Core;
		};
		FA8C503FFC29DB1639C9E8CB /* XCLocalSwiftPackageReference "Packages/DesignSystem" */ = {
			isa = XCLocalSwiftPackageReference;
			relativePath = Packages/DesignSystem;
		};
/* End XCLocalSwiftPackageReference section */

/* Begin XCSwiftPackageProductDependency section */
		0CB4985433B35CF382759002 /* Core */ = {
			isa = XCSwiftPackageProductDependency;
			package = E3ADC1C5B5053D81838A37C4 /* XCLocalSwiftPackageReference "Packages/Core" */;
			productName = Core;
		};
		506C644C1D1DA0B7DD9DA1F3 /* DesignSystem */ = {
			isa = XCSwiftPackageProductDependency;
			package = FA8C503FFC29DB1639C9E8CB /* XCLocalSwiftPackageReference "Packages/DesignSystem" */;
			productName = DesignSystem;
		};
/* End XCSwiftPackageProductDependency section */

/* Begin XCBuildConfiguration section */
		1F55468CE337F002677611C7 /* Debug */ = {
			isa = XCBuildConfiguration;
			buildSettings = {
				ALWAYS_SEARCH_USER_PATHS = "NO";
				CLANG_ANALYZER_NONNULL = "YES";
				CLANG_ENABLE_MODULES = "YES";
				CLANG_ENABLE_OBJC_ARC = "YES";
				CLANG_WARN_DOCUMENTATION_COMMENTS = "YES";
				COPY_PHASE_STRIP = "NO";
				DEBUG_INFORMATION_FORMAT = "dwarf";
				ENABLE_NS_ASSERTIONS = "YES";
				ENABLE_STRICT_OBJC_MSGSEND = "YES";
				GCC_C_LANGUAGE_STANDARD = "gnu17";
				GCC_DYNAMIC_NO_PIC = "NO";
				GCC_OPTIMIZATION_LEVEL = "0";
				GCC_PREPROCESSOR_DEFINITIONS = ("DEBUG=1", "$(inherited)");
				GCC_WARN_64_TO_32_BIT_CONVERSION = "YES";
				GCC_WARN_ABOUT_RETURN_TYPE = "YES_ERROR";
				GCC_WARN_UNDECLARED_SELECTOR = "YES";
				GCC_WARN_UNINITIALIZED_AUTOS = "YES_AGGRESSIVE";
				GCC_WARN_UNUSED_FUNCTION = "YES";
				GCC_WARN_UNUSED_VARIABLE = "YES";
				IPHONEOS_DEPLOYMENT_TARGET = "16.4";
				MTL_ENABLE_DEBUG_INFO = "NO";
				MTL_FAST_MATH = "YES";
				ONLY_ACTIVE_ARCH = "YES";
				SDKROOT = "iphoneos";
				SWIFT_ACTIVE_COMPILATION_CONDITIONS = "DEBUG";
				SWIFT_OPTIMIZATION_LEVEL = "-Onone";
				SWIFT_VERSION = "5.9";
			};
			name = Debug;
		};
		CAAFFB899842043594D52520 /* Release */ = {
			isa = XCBuildConfiguration;
			buildSettings = {
				ALWAYS_SEARCH_USER_PATHS = "NO";
				CLANG_ANALYZER_NONNULL = "YES";
				CLANG_ENABLE_MODULES = "YES";
				CLANG_ENABLE_OBJC_ARC = "YES";
				CLANG_WARN_DOCUMENTATION_COMMENTS = "YES";
				COPY_PHASE_STRIP = "NO";
				DEBUG_INFORMATION_FORMAT = "dwarf-with-dsym";
				ENABLE_NS_ASSERTIONS = "NO";
				ENABLE_STRICT_OBJC_MSGSEND = "YES";
				GCC_C_LANGUAGE_STANDARD = "gnu17";
				GCC_WARN_64_TO_32_BIT_CONVERSION = "YES";
				GCC_WARN_ABOUT_RETURN_TYPE = "YES_ERROR";
				GCC_WARN_UNDECLARED_SELECTOR = "YES";
				GCC_WARN_UNINITIALIZED_AUTOS = "YES_AGGRESSIVE";
				GCC_WARN_UNUSED_FUNCTION = "YES";
				GCC_WARN_UNUSED_VARIABLE = "YES";
				IPHONEOS_DEPLOYMENT_TARGET = "16.4";
				MTL_ENABLE_DEBUG_INFO = "NO";
				MTL_FAST_MATH = "YES";
				SDKROOT = "iphoneos";
				SWIFT_OPTIMIZATION_LEVEL = "-O";
				SWIFT_VERSION = "5.9";
				VALIDATE_PRODUCT = "YES";
			};
			name = Release;
		};
		67448E191B7369DA6E6E1DAA /* Debug */ = {
			isa = XCBuildConfiguration;
			buildSettings = {
				ASSETCATALOG_COMPILER_APPICON_NAME = "AppIcon";
				CODE_SIGN_ENTITLEMENTS = "TowCommandDriver/Resources/TowCommandDriver.entitlements";
				CODE_SIGN_STYLE = "Automatic";
				CURRENT_PROJECT_VERSION = "1";
				ENABLE_PREVIEWS = "YES";
				GENERATE_INFOPLIST_FILE = "NO";
				INFOPLIST_FILE = "TowCommandDriver/Resources/Info.plist";
				INFOPLIST_KEY_CFBundleDisplayName = "US Tow DISPATCH";
				LD_RUNPATH_SEARCH_PATHS = ("$(inherited)", "@executable_path/Frameworks");
				MARKETING_VERSION = "0.1.0";
				PRODUCT_BUNDLE_IDENTIFIER = "com.ustowdispatch.driver";
				PRODUCT_NAME = "$(TARGET_NAME)";
				SWIFT_EMIT_LOC_STRINGS = "YES";
				TARGETED_DEVICE_FAMILY = "1";
			};
			name = Debug;
		};
		17705AA15D319C6DC9C2B78D /* Release */ = {
			isa = XCBuildConfiguration;
			buildSettings = {
				ASSETCATALOG_COMPILER_APPICON_NAME = "AppIcon";
				CODE_SIGN_ENTITLEMENTS = "TowCommandDriver/Resources/TowCommandDriver.entitlements";
				CODE_SIGN_STYLE = "Automatic";
				CURRENT_PROJECT_VERSION = "1";
				ENABLE_PREVIEWS = "YES";
				GENERATE_INFOPLIST_FILE = "NO";
				INFOPLIST_FILE = "TowCommandDriver/Resources/Info.plist";
				INFOPLIST_KEY_CFBundleDisplayName = "US Tow DISPATCH";
				LD_RUNPATH_SEARCH_PATHS = ("$(inherited)", "@executable_path/Frameworks");
				MARKETING_VERSION = "0.1.0";
				PRODUCT_BUNDLE_IDENTIFIER = "com.ustowdispatch.driver";
				PRODUCT_NAME = "$(TARGET_NAME)";
				SWIFT_EMIT_LOC_STRINGS = "YES";
				TARGETED_DEVICE_FAMILY = "1";
			};
			name = Release;
		};
		BCAE8E419DE22867168D61C5 /* Debug */ = {
			isa = XCBuildConfiguration;
			buildSettings = {
				BUNDLE_LOADER = "$(TEST_HOST)";
				CODE_SIGN_STYLE = "Automatic";
				CURRENT_PROJECT_VERSION = "1";
				GENERATE_INFOPLIST_FILE = "YES";
				MARKETING_VERSION = "0.1.0";
				PRODUCT_BUNDLE_IDENTIFIER = "com.ustowdispatch.driver.tests";
				PRODUCT_NAME = "$(TARGET_NAME)";
				TARGETED_DEVICE_FAMILY = "1";
				TEST_HOST = "$(BUILT_PRODUCTS_DIR)/TowCommandDriver.app/$(BUNDLE_EXECUTABLE_FOLDER_PATH)/TowCommandDriver";
			};
			name = Debug;
		};
		C1C48DFFF60266BBA13CC06F /* Release */ = {
			isa = XCBuildConfiguration;
			buildSettings = {
				BUNDLE_LOADER = "$(TEST_HOST)";
				CODE_SIGN_STYLE = "Automatic";
				CURRENT_PROJECT_VERSION = "1";
				GENERATE_INFOPLIST_FILE = "YES";
				MARKETING_VERSION = "0.1.0";
				PRODUCT_BUNDLE_IDENTIFIER = "com.ustowdispatch.driver.tests";
				PRODUCT_NAME = "$(TARGET_NAME)";
				TARGETED_DEVICE_FAMILY = "1";
				TEST_HOST = "$(BUILT_PRODUCTS_DIR)/TowCommandDriver.app/$(BUNDLE_EXECUTABLE_FOLDER_PATH)/TowCommandDriver";
			};
			name = Release;
		};
		8B6C46A4753273F70552F0FD /* Debug */ = {
			isa = XCBuildConfiguration;
			buildSettings = {
				CODE_SIGN_STYLE = "Automatic";
				CURRENT_PROJECT_VERSION = "1";
				GENERATE_INFOPLIST_FILE = "YES";
				MARKETING_VERSION = "0.1.0";
				PRODUCT_BUNDLE_IDENTIFIER = "com.ustowdispatch.driver.uitests";
				PRODUCT_NAME = "$(TARGET_NAME)";
				TARGETED_DEVICE_FAMILY = "1";
				TEST_TARGET_NAME = "TowCommandDriver";
			};
			name = Debug;
		};
		B00B53DC6CAD12BE12125A6D /* Release */ = {
			isa = XCBuildConfiguration;
			buildSettings = {
				CODE_SIGN_STYLE = "Automatic";
				CURRENT_PROJECT_VERSION = "1";
				GENERATE_INFOPLIST_FILE = "YES";
				MARKETING_VERSION = "0.1.0";
				PRODUCT_BUNDLE_IDENTIFIER = "com.ustowdispatch.driver.uitests";
				PRODUCT_NAME = "$(TARGET_NAME)";
				TARGETED_DEVICE_FAMILY = "1";
				TEST_TARGET_NAME = "TowCommandDriver";
			};
			name = Release;
		};
/* End XCBuildConfiguration section */

/* Begin XCConfigurationList section */
		1721BF9BEBA2AF5DB521269B /* Project */ = {
			isa = XCConfigurationList;
			buildConfigurations = (
				1F55468CE337F002677611C7 /* Debug */,
				CAAFFB899842043594D52520 /* Release */,
			);
			defaultConfigurationIsVisible = 0;
			defaultConfigurationName = Release;
		};
		C0E1742D64F9D2A0A2521601 /* App */ = {
			isa = XCConfigurationList;
			buildConfigurations = (
				67448E191B7369DA6E6E1DAA /* Debug */,
				17705AA15D319C6DC9C2B78D /* Release */,
			);
			defaultConfigurationIsVisible = 0;
			defaultConfigurationName = Release;
		};
		A6C6817865E7AF9BCEBE3959 /* Tests */ = {
			isa = XCConfigurationList;
			buildConfigurations = (
				BCAE8E419DE22867168D61C5 /* Debug */,
				C1C48DFFF60266BBA13CC06F /* Release */,
			);
			defaultConfigurationIsVisible = 0;
			defaultConfigurationName = Release;
		};
		9521FAB9831DE53EADE6B98F /* UITests */ = {
			isa = XCConfigurationList;
			buildConfigurations = (
				8B6C46A4753273F70552F0FD /* Debug */,
				B00B53DC6CAD12BE12125A6D /* Release */,
			);
			defaultConfigurationIsVisible = 0;
			defaultConfigurationName = Release;
		};
/* End XCConfigurationList section */

	};
	rootObject = 98F54143AB4E86B28C3AFEE0 /* Project object */;
}
